
Microsoft Visual Studio Solution File, Format Version 12.00
# Visual Studio Version 17
VisualStudioVersion = 17.5.33502.453
MinimumVisualStudioVersion = 10.0.40219.1
Project("{FAE04EC0-301F-11D3-BF4B-00C04F79EFBC}") = "FunctionalApp", "FunctionalApp\FunctionalApp.csproj", "{8204C067-5EC2-4F5D-BD22-D6CACA347C89}"
EndProject
Global
	GlobalSection(SolutionConfigurationPlatforms) = preSolution
		Debug|Any CPU = Debug|Any CPU
		Release|Any CPU = Release|Any CPU
	EndGlobalSection
	GlobalSection(ProjectConfigurationPlatforms) = postSolution
		{8204C067-5EC2-4F5D-BD22-D6CACA347C89}.Debug|Any CPU.ActiveCfg = Debug|Any CPU
		{8204C067-5EC2-4F5D-BD22-D6CACA347C89}.Debug|Any CPU.Build.0 = Debug|Any CPU
		{8204C067-5EC2-4F5D-BD22-D6CACA347C89}.Release|Any CPU.ActiveCfg = Release|Any CPU
		{8204C067-5EC2-4F5D-BD22-D6CACA347C89}.Release|Any CPU.Build.0 = Release|Any CPU
	EndGlobalSection
	GlobalSection(SolutionProperties) = preSolution
		HideSolutionNode = FALSE
	EndGlobalSection
	GlobalSection(ExtensibilityGlobals) = postSolution
		SolutionGuid = {3890B697-4A8D-4249-89AE-3C9D88AB06FF}
	EndGlobalSection
EndGlobal
